
Microsoft Visual Studio Solution File, Format Version 12.00
# Visual Studio 15
VisualStudioVersion = 15.0.28307.329
MinimumVisualStudioVersion = 10.0.40219.1
Project("{FAE04EC0-301F-11D3-BF4B-00C04F79EFBC}") = "SquareFinder", "SquareFinder\SquareFinder.csproj", "{D55F3CC1-7A79-46D6-8C7F-13EF2760182C}"
EndProject
Global
	GlobalSection(SolutionConfigurationPlatforms) = preSolution
		Debug|Any CPU = Debug|Any CPU
		Release|Any CPU = Release|Any CPU
	EndGlobalSection
	GlobalSection(ProjectConfigurationPlatforms) = postSolution
		{D55F3CC1-7A79-46D6-8C7F-13EF2760182C}.Debug|Any CPU.ActiveCfg = Debug|Any CPU
		{D55F3CC1-7A79-46D6-8C7F-13EF2760182C}.Debug|Any CPU.Build.0 = Debug|Any CPU
		{D55F3CC1-7A79-46D6-8C7F-13EF2760182C}.Release|Any CPU.ActiveCfg = Release|Any CPU
		{D55F3CC1-7A79-46D6-8C7F-13EF2760182C}.Release|Any CPU.Build.0 = Release|Any CPU
	EndGlobalSection
	GlobalSection(SolutionProperties) = preSolution
		HideSolutionNode = FALSE
	EndGlobalSection
	GlobalSection(ExtensibilityGlobals) = postSolution
		SolutionGuid = {1D0F67A3-18D3-489B-B6D2-AB79E8F3F1F5}
	EndGlobalSection
EndGlobal
